
Microsoft Visual Studio Solution File, Format Version 12.00
# Visual Studio 2013
VisualStudioVersion = 12.0.40629.0
MinimumVisualStudioVersion = 10.0.40219.1
Project("{FAE04EC0-301F-11D3-BF4B-00C04F79EFBC}") = "FullyTypedExample.WebApi", "FullyTypedExample.WebApi\FullyTypedExample.WebApi.csproj", "{5FF223CB-CA3A-49A9-ACCC-375C0EB9BEE2}"
EndProject
Project("{FAE04EC0-301F-11D3-BF4B-00C04F79EFBC}") = "FullyTypedExample.WebApi.Tests", "FullyTypedExample.WebApi.Tests\FullyTypedExample.WebApi.Tests.csproj", "{1A8D54D7-0F79-48FC-A216-8B162B6972D3}"
EndProject
Project("{FAE04EC0-301F-11D3-BF4B-00C04F79EFBC}") = "FullyTypedExample.Models", "FullyTypedExample.Models\FullyTypedExample.Models.csproj", "{4BD33EFC-1F3F-4732-BC72-07123AB5ADB1}"
EndProject
Project("{FAE04EC0-301F-11D3-BF4B-00C04F79EFBC}") = "FullyTypedExample.HtmlApp", "FullyTypedExample.HtmlApp\FullyTypedExample.HtmlApp.csproj", "{CE6A16FA-9F77-4B21-BB64-C1143AAF7D12}"
EndProject
Project("{2150E333-8FDC-42A3-9474-1A3956D46DE8}") = ".nuget", ".nuget", "{AB1F9027-CFAF-4E8B-BF4F-647A7636E4F4}"
	ProjectSection(SolutionItems) = preProject
		.nuget\packages.config = .nuget\packages.config
	EndProjectSection
EndProject
Project("{FAE04EC0-301F-11D3-BF4B-00C04F79EFBC}") = "FullyTypedExample.WebApi.SelfHosted", "FullyTypedExample.WebApi.SelfHosted\FullyTypedExample.WebApi.SelfHosted.csproj", "{99BD6A00-F2EE-4D13-AB6E-E7172ED810F2}"
EndProject
Global
	GlobalSection(SolutionConfigurationPlatforms) = preSolution
		Debug|Any CPU = Debug|Any CPU
		Release|Any CPU = Release|Any CPU
	EndGlobalSection
	GlobalSection(ProjectConfigurationPlatforms) = postSolution
		{5FF223CB-CA3A-49A9-ACCC-375C0EB9BEE2}.Debug|Any CPU.ActiveCfg = Debug|Any CPU
		{5FF223CB-CA3A-49A9-ACCC-375C0EB9BEE2}.Debug|Any CPU.Build.0 = Debug|Any CPU
		{5FF223CB-CA3A-49A9-ACCC-375C0EB9BEE2}.Release|Any CPU.ActiveCfg = Release|Any CPU
		{5FF223CB-CA3A-49A9-ACCC-375C0EB9BEE2}.Release|Any CPU.Build.0 = Release|Any CPU
		{1A8D54D7-0F79-48FC-A216-8B162B6972D3}.Debug|Any CPU.ActiveCfg = Debug|Any CPU
		{1A8D54D7-0F79-48FC-A216-8B162B6972D3}.Debug|Any CPU.Build.0 = Debug|Any CPU
		{1A8D54D7-0F79-48FC-A216-8B162B6972D3}.Release|Any CPU.ActiveCfg = Release|Any CPU
		{1A8D54D7-0F79-48FC-A216-8B162B6972D3}.Release|Any CPU.Build.0 = Release|Any CPU
		{4BD33EFC-1F3F-4732-BC72-07123AB5ADB1}.Debug|Any CPU.ActiveCfg = Debug|Any CPU
		{4BD33EFC-1F3F-4732-BC72-07123AB5ADB1}.Debug|Any CPU.Build.0 = Debug|Any CPU
		{4BD33EFC-1F3F-4732-BC72-07123AB5ADB1}.Release|Any CPU.ActiveCfg = Release|Any CPU
		{4BD33EFC-1F3F-4732-BC72-07123AB5ADB1}.Release|Any CPU.Build.0 = Release|Any CPU
		{CE6A16FA-9F77-4B21-BB64-C1143AAF7D12}.Debug|Any CPU.ActiveCfg = Debug|Any CPU
		{CE6A16FA-9F77-4B21-BB64-C1143AAF7D12}.Debug|Any CPU.Build.0 = Debug|Any CPU
		{CE6A16FA-9F77-4B21-BB64-C1143AAF7D12}.Release|Any CPU.ActiveCfg = Release|Any CPU
		{CE6A16FA-9F77-4B21-BB64-C1143AAF7D12}.Release|Any CPU.Build.0 = Release|Any CPU
		{99BD6A00-F2EE-4D13-AB6E-E7172ED810F2}.Debug|Any CPU.ActiveCfg = Debug|Any CPU
		{99BD6A00-F2EE-4D13-AB6E-E7172ED810F2}.Debug|Any CPU.Build.0 = Debug|Any CPU
		{99BD6A00-F2EE-4D13-AB6E-E7172ED810F2}.Release|Any CPU.ActiveCfg = Release|Any CPU
		{99BD6A00-F2EE-4D13-AB6E-E7172ED810F2}.Release|Any CPU.Build.0 = Release|Any CPU
	EndGlobalSection
	GlobalSection(SolutionProperties) = preSolution
		HideSolutionNode = FALSE
	EndGlobalSection
EndGlobal
